
Microsoft Visual Studio Solution File, Format Version 12.00
# Visual Studio 2012
Project("{FAE04EC0-301F-11D3-BF4B-00C04F79EFBC}") = "RtAP_Debugger", "UART_Profiler\RtAP_Debugger.csproj", "{EB73DB3C-0DB7-4325-81A2-148AE308DF45}"
EndProject
Global
	GlobalSection(SolutionConfigurationPlatforms) = preSolution
		Debug|Any CPU = Debug|Any CPU
		Release|Any CPU = Release|Any CPU
	EndGlobalSection
	GlobalSection(ProjectConfigurationPlatforms) = postSolution
		{EB73DB3C-0DB7-4325-81A2-148AE308DF45}.Debug|Any CPU.ActiveCfg = Debug|Any CPU
		{EB73DB3C-0DB7-4325-81A2-148AE308DF45}.Debug|Any CPU.Build.0 = Debug|Any CPU
		{EB73DB3C-0DB7-4325-81A2-148AE308DF45}.Release|Any CPU.ActiveCfg = Release|Any CPU
		{EB73DB3C-0DB7-4325-81A2-148AE308DF45}.Release|Any CPU.Build.0 = Release|Any CPU
	EndGlobalSection
	GlobalSection(SolutionProperties) = preSolution
		HideSolutionNode = FALSE
	EndGlobalSection
EndGlobal
